
Microsoft Visual Studio Solution File, Format Version 12.00
# Visual Studio 2013
VisualStudioVersion = 12.0.30501.0
MinimumVisualStudioVersion = 10.0.40219.1
Project("{FAE04EC0-301F-11D3-BF4B-00C04F79EFBC}") = "DataAccess", "DataAccess\DataAccess.csproj", "{D677E4DF-364B-40AC-BDCA-77BA0BD2CACB}"
EndProject
Project("{FAE04EC0-301F-11D3-BF4B-00C04F79EFBC}") = "DataObjects", "DataObjects\DataObjects.csproj", "{DECFAEF8-1AE3-4CCA-8E01-4FEEF1E2ADC9}"
EndProject
Project("{FAE04EC0-301F-11D3-BF4B-00C04F79EFBC}") = "Model", "Model\Model.csproj", "{B1A4EC78-9D3B-478B-BFCC-DAFCB427A2B4}"
EndProject
Project("{FAE04EC0-301F-11D3-BF4B-00C04F79EFBC}") = "Module", "Module\Module.csproj", "{B43DC7BF-E98C-4499-A91D-4301313F81A0}"
EndProject
Global
	GlobalSection(SolutionConfigurationPlatforms) = preSolution
		Debug|Any CPU = Debug|Any CPU
		Release|Any CPU = Release|Any CPU
	EndGlobalSection
	GlobalSection(ProjectConfigurationPlatforms) = postSolution
		{D677E4DF-364B-40AC-BDCA-77BA0BD2CACB}.Debug|Any CPU.ActiveCfg = Debug|Any CPU
		{D677E4DF-364B-40AC-BDCA-77BA0BD2CACB}.Debug|Any CPU.Build.0 = Debug|Any CPU
		{D677E4DF-364B-40AC-BDCA-77BA0BD2CACB}.Release|Any CPU.ActiveCfg = Release|Any CPU
		{D677E4DF-364B-40AC-BDCA-77BA0BD2CACB}.Release|Any CPU.Build.0 = Release|Any CPU
		{DECFAEF8-1AE3-4CCA-8E01-4FEEF1E2ADC9}.Debug|Any CPU.ActiveCfg = Debug|Any CPU
		{DECFAEF8-1AE3-4CCA-8E01-4FEEF1E2ADC9}.Debug|Any CPU.Build.0 = Debug|Any CPU
		{DECFAEF8-1AE3-4CCA-8E01-4FEEF1E2ADC9}.Release|Any CPU.ActiveCfg = Release|Any CPU
		{DECFAEF8-1AE3-4CCA-8E01-4FEEF1E2ADC9}.Release|Any CPU.Build.0 = Release|Any CPU
		{B1A4EC78-9D3B-478B-BFCC-DAFCB427A2B4}.Debug|Any CPU.ActiveCfg = Debug|Any CPU
		{B1A4EC78-9D3B-478B-BFCC-DAFCB427A2B4}.Debug|Any CPU.Build.0 = Debug|Any CPU
		{B1A4EC78-9D3B-478B-BFCC-DAFCB427A2B4}.Release|Any CPU.ActiveCfg = Release|Any CPU
		{B1A4EC78-9D3B-478B-BFCC-DAFCB427A2B4}.Release|Any CPU.Build.0 = Release|Any CPU
		{B43DC7BF-E98C-4499-A91D-4301313F81A0}.Debug|Any CPU.ActiveCfg = Debug|Any CPU
		{B43DC7BF-E98C-4499-A91D-4301313F81A0}.Debug|Any CPU.Build.0 = Debug|Any CPU
		{B43DC7BF-E98C-4499-A91D-4301313F81A0}.Release|Any CPU.ActiveCfg = Release|Any CPU
		{B43DC7BF-E98C-4499-A91D-4301313F81A0}.Release|Any CPU.Build.0 = Release|Any CPU
	EndGlobalSection
	GlobalSection(SolutionProperties) = preSolution
		HideSolutionNode = FALSE
	EndGlobalSection
EndGlobal
