
Microsoft Visual Studio Solution File, Format Version 12.00
# Visual Studio 2013
VisualStudioVersion = 12.0.31101.0
MinimumVisualStudioVersion = 10.0.40219.1
Project("{FAE04EC0-301F-11D3-BF4B-00C04F79EFBC}") = "Web", "Web\Web.csproj", "{A88823BF-42EB-4AFA-AAA6-6327936A4900}"
EndProject
Project("{FAE04EC0-301F-11D3-BF4B-00C04F79EFBC}") = "MainModule", "MainModule\MainModule.csproj", "{0F394873-F629-4F6F-B752-34B1F7E872A6}"
EndProject
Project("{FAE04EC0-301F-11D3-BF4B-00C04F79EFBC}") = "DataObjects", "DataObjects\DataObjects.csproj", "{FEB3BF37-1F52-4556-8137-B6B61D76EA03}"
EndProject
Project("{FAE04EC0-301F-11D3-BF4B-00C04F79EFBC}") = "Engine", "Engine\Engine.csproj", "{6E63AAB8-6BA5-494A-B566-7737D9D46AB4}"
EndProject
Project("{FAE04EC0-301F-11D3-BF4B-00C04F79EFBC}") = "Interfaces", "Interfaces\Interfaces.csproj", "{AF5FD7AE-34D2-4656-A051-0868B363485B}"
EndProject
Project("{FAE04EC0-301F-11D3-BF4B-00C04F79EFBC}") = "UserInterface", "UserInterface\UserInterface.csproj", "{3D3EC0CB-6302-434B-9EBC-C48FA2975FA8}"
EndProject
Project("{FAE04EC0-301F-11D3-BF4B-00C04F79EFBC}") = "Framework", "Framework\Framework.csproj", "{CC460CDE-EBA2-40B9-887B-6194AA6A6FA1}"
EndProject
Project("{2150E333-8FDC-42A3-9474-1A3956D46DE8}") = ".nuget", ".nuget", "{81DF1D4D-2E9A-428F-ABFF-BB01F2360E93}"
	ProjectSection(SolutionItems) = preProject
		.nuget\packages.config = .nuget\packages.config
	EndProjectSection
EndProject
Global
	GlobalSection(SolutionConfigurationPlatforms) = preSolution
		Debug|Any CPU = Debug|Any CPU
		Release|Any CPU = Release|Any CPU
	EndGlobalSection
	GlobalSection(ProjectConfigurationPlatforms) = postSolution
		{A88823BF-42EB-4AFA-AAA6-6327936A4900}.Debug|Any CPU.ActiveCfg = Debug|Any CPU
		{A88823BF-42EB-4AFA-AAA6-6327936A4900}.Debug|Any CPU.Build.0 = Debug|Any CPU
		{A88823BF-42EB-4AFA-AAA6-6327936A4900}.Release|Any CPU.ActiveCfg = Release|Any CPU
		{A88823BF-42EB-4AFA-AAA6-6327936A4900}.Release|Any CPU.Build.0 = Release|Any CPU
		{0F394873-F629-4F6F-B752-34B1F7E872A6}.Debug|Any CPU.ActiveCfg = Debug|Any CPU
		{0F394873-F629-4F6F-B752-34B1F7E872A6}.Debug|Any CPU.Build.0 = Debug|Any CPU
		{0F394873-F629-4F6F-B752-34B1F7E872A6}.Release|Any CPU.ActiveCfg = Release|Any CPU
		{0F394873-F629-4F6F-B752-34B1F7E872A6}.Release|Any CPU.Build.0 = Release|Any CPU
		{FEB3BF37-1F52-4556-8137-B6B61D76EA03}.Debug|Any CPU.ActiveCfg = Debug|Any CPU
		{FEB3BF37-1F52-4556-8137-B6B61D76EA03}.Debug|Any CPU.Build.0 = Debug|Any CPU
		{FEB3BF37-1F52-4556-8137-B6B61D76EA03}.Release|Any CPU.ActiveCfg = Release|Any CPU
		{FEB3BF37-1F52-4556-8137-B6B61D76EA03}.Release|Any CPU.Build.0 = Release|Any CPU
		{6E63AAB8-6BA5-494A-B566-7737D9D46AB4}.Debug|Any CPU.ActiveCfg = Debug|Any CPU
		{6E63AAB8-6BA5-494A-B566-7737D9D46AB4}.Debug|Any CPU.Build.0 = Debug|Any CPU
		{6E63AAB8-6BA5-494A-B566-7737D9D46AB4}.Release|Any CPU.ActiveCfg = Release|Any CPU
		{6E63AAB8-6BA5-494A-B566-7737D9D46AB4}.Release|Any CPU.Build.0 = Release|Any CPU
		{AF5FD7AE-34D2-4656-A051-0868B363485B}.Debug|Any CPU.ActiveCfg = Debug|Any CPU
		{AF5FD7AE-34D2-4656-A051-0868B363485B}.Debug|Any CPU.Build.0 = Debug|Any CPU
		{AF5FD7AE-34D2-4656-A051-0868B363485B}.Release|Any CPU.ActiveCfg = Release|Any CPU
		{AF5FD7AE-34D2-4656-A051-0868B363485B}.Release|Any CPU.Build.0 = Release|Any CPU
		{3D3EC0CB-6302-434B-9EBC-C48FA2975FA8}.Debug|Any CPU.ActiveCfg = Debug|Any CPU
		{3D3EC0CB-6302-434B-9EBC-C48FA2975FA8}.Debug|Any CPU.Build.0 = Debug|Any CPU
		{3D3EC0CB-6302-434B-9EBC-C48FA2975FA8}.Release|Any CPU.ActiveCfg = Release|Any CPU
		{3D3EC0CB-6302-434B-9EBC-C48FA2975FA8}.Release|Any CPU.Build.0 = Release|Any CPU
		{CC460CDE-EBA2-40B9-887B-6194AA6A6FA1}.Debug|Any CPU.ActiveCfg = Debug|Any CPU
		{CC460CDE-EBA2-40B9-887B-6194AA6A6FA1}.Debug|Any CPU.Build.0 = Debug|Any CPU
		{CC460CDE-EBA2-40B9-887B-6194AA6A6FA1}.Release|Any CPU.ActiveCfg = Release|Any CPU
		{CC460CDE-EBA2-40B9-887B-6194AA6A6FA1}.Release|Any CPU.Build.0 = Release|Any CPU
	EndGlobalSection
	GlobalSection(SolutionProperties) = preSolution
		HideSolutionNode = FALSE
	EndGlobalSection
EndGlobal
